
Microsoft Visual Studio Solution File, Format Version 12.00
# Visual Studio 2013
VisualStudioVersion = 12.0.31101.0
MinimumVisualStudioVersion = 10.0.40219.1
Project("{F184B08F-C81C-45F6-A57F-5ABD9991F28F}") = "Mikrotik Proxy Logger", "Mikrotik Proxy Logger\Mikrotik Proxy Logger.vbproj", "{976D9D00-88C6-415A-8EF2-975D068C75ED}"
EndProject
Project("{F184B08F-C81C-45F6-A57F-5ABD9991F28F}") = "MTPL-Listener Service", "MTPL-Listener Service\MTPL-Listener Service.vbproj", "{836C29C9-CC67-4272-818F-5634898E3486}"
EndProject
Project("{54435603-DBB4-11D2-8724-00A0C9A8B90C}") = "Full package install", "Full package install\Full package install.vdproj", "{BCD33320-169F-4FC8-96F9-3E2CA5A7B180}"
EndProject
Project("{54435603-DBB4-11D2-8724-00A0C9A8B90C}") = "Service Install", "Service Install\Service Install.vdproj", "{87F80F92-A9AB-4C97-89A4-49BDB63803B4}"
EndProject
Global
	GlobalSection(SolutionConfigurationPlatforms) = preSolution
		CD_ROM|Any CPU = CD_ROM|Any CPU
		Debug|Any CPU = Debug|Any CPU
		DVD-5|Any CPU = DVD-5|Any CPU
		Release|Any CPU = Release|Any CPU
		SingleImage|Any CPU = SingleImage|Any CPU
	EndGlobalSection
	GlobalSection(ProjectConfigurationPlatforms) = postSolution
		{976D9D00-88C6-415A-8EF2-975D068C75ED}.CD_ROM|Any CPU.ActiveCfg = Release|Any CPU
		{976D9D00-88C6-415A-8EF2-975D068C75ED}.CD_ROM|Any CPU.Build.0 = Release|Any CPU
		{976D9D00-88C6-415A-8EF2-975D068C75ED}.Debug|Any CPU.ActiveCfg = Debug|Any CPU
		{976D9D00-88C6-415A-8EF2-975D068C75ED}.Debug|Any CPU.Build.0 = Debug|Any CPU
		{976D9D00-88C6-415A-8EF2-975D068C75ED}.DVD-5|Any CPU.ActiveCfg = Debug|Any CPU
		{976D9D00-88C6-415A-8EF2-975D068C75ED}.DVD-5|Any CPU.Build.0 = Debug|Any CPU
		{976D9D00-88C6-415A-8EF2-975D068C75ED}.Release|Any CPU.ActiveCfg = Release|Any CPU
		{976D9D00-88C6-415A-8EF2-975D068C75ED}.Release|Any CPU.Build.0 = Release|Any CPU
		{976D9D00-88C6-415A-8EF2-975D068C75ED}.SingleImage|Any CPU.ActiveCfg = Release|Any CPU
		{976D9D00-88C6-415A-8EF2-975D068C75ED}.SingleImage|Any CPU.Build.0 = Release|Any CPU
		{836C29C9-CC67-4272-818F-5634898E3486}.CD_ROM|Any CPU.ActiveCfg = Release|Any CPU
		{836C29C9-CC67-4272-818F-5634898E3486}.CD_ROM|Any CPU.Build.0 = Release|Any CPU
		{836C29C9-CC67-4272-818F-5634898E3486}.Debug|Any CPU.ActiveCfg = Debug|Any CPU
		{836C29C9-CC67-4272-818F-5634898E3486}.Debug|Any CPU.Build.0 = Debug|Any CPU
		{836C29C9-CC67-4272-818F-5634898E3486}.DVD-5|Any CPU.ActiveCfg = Debug|Any CPU
		{836C29C9-CC67-4272-818F-5634898E3486}.DVD-5|Any CPU.Build.0 = Debug|Any CPU
		{836C29C9-CC67-4272-818F-5634898E3486}.Release|Any CPU.ActiveCfg = Release|Any CPU
		{836C29C9-CC67-4272-818F-5634898E3486}.Release|Any CPU.Build.0 = Release|Any CPU
		{836C29C9-CC67-4272-818F-5634898E3486}.SingleImage|Any CPU.ActiveCfg = Release|Any CPU
		{836C29C9-CC67-4272-818F-5634898E3486}.SingleImage|Any CPU.Build.0 = Release|Any CPU
		{BCD33320-169F-4FC8-96F9-3E2CA5A7B180}.CD_ROM|Any CPU.ActiveCfg = Release
		{BCD33320-169F-4FC8-96F9-3E2CA5A7B180}.CD_ROM|Any CPU.Build.0 = Release
		{BCD33320-169F-4FC8-96F9-3E2CA5A7B180}.Debug|Any CPU.ActiveCfg = Debug
		{BCD33320-169F-4FC8-96F9-3E2CA5A7B180}.Debug|Any CPU.Build.0 = Debug
		{BCD33320-169F-4FC8-96F9-3E2CA5A7B180}.DVD-5|Any CPU.ActiveCfg = Debug
		{BCD33320-169F-4FC8-96F9-3E2CA5A7B180}.DVD-5|Any CPU.Build.0 = Debug
		{BCD33320-169F-4FC8-96F9-3E2CA5A7B180}.Release|Any CPU.ActiveCfg = Release
		{BCD33320-169F-4FC8-96F9-3E2CA5A7B180}.Release|Any CPU.Build.0 = Release
		{BCD33320-169F-4FC8-96F9-3E2CA5A7B180}.SingleImage|Any CPU.ActiveCfg = Release
		{BCD33320-169F-4FC8-96F9-3E2CA5A7B180}.SingleImage|Any CPU.Build.0 = Release
		{87F80F92-A9AB-4C97-89A4-49BDB63803B4}.CD_ROM|Any CPU.ActiveCfg = Release
		{87F80F92-A9AB-4C97-89A4-49BDB63803B4}.CD_ROM|Any CPU.Build.0 = Release
		{87F80F92-A9AB-4C97-89A4-49BDB63803B4}.Debug|Any CPU.ActiveCfg = Debug
		{87F80F92-A9AB-4C97-89A4-49BDB63803B4}.Debug|Any CPU.Build.0 = Debug
		{87F80F92-A9AB-4C97-89A4-49BDB63803B4}.DVD-5|Any CPU.ActiveCfg = Debug
		{87F80F92-A9AB-4C97-89A4-49BDB63803B4}.DVD-5|Any CPU.Build.0 = Debug
		{87F80F92-A9AB-4C97-89A4-49BDB63803B4}.Release|Any CPU.ActiveCfg = Release
		{87F80F92-A9AB-4C97-89A4-49BDB63803B4}.Release|Any CPU.Build.0 = Release
		{87F80F92-A9AB-4C97-89A4-49BDB63803B4}.SingleImage|Any CPU.ActiveCfg = Release
		{87F80F92-A9AB-4C97-89A4-49BDB63803B4}.SingleImage|Any CPU.Build.0 = Release
	EndGlobalSection
	GlobalSection(SolutionProperties) = preSolution
		HideSolutionNode = FALSE
	EndGlobalSection
EndGlobal
